
Microsoft Visual Studio Solution File, Format Version 12.00
# Visual Studio Version 17
VisualStudioVersion = 17.14.36908.2
MinimumVisualStudioVersion = 10.0.40219.1
Project("{8BC9CEB8-8B4A-11D0-8D11-00A0C91BC942}") = "Engine", "Engine\Engine.vcxproj", "{ADFE8463-D772-424F-9FCA-6105BBDCF0A9}"
EndProject
Project("{8BC9CEB8-8B4A-11D0-8D11-00A0C91BC942}") = "Game", "Game\Game.vcxproj", "{DE79818E-24D8-452E-A1F3-42768FDA4F96}"
	ProjectSection(ProjectDependencies) = postProject
		{ADFE8463-D772-424F-9FCA-6105BBDCF0A9} = {ADFE8463-D772-424F-9FCA-6105BBDCF0A9}
	EndProjectSection
EndProject
Global
	GlobalSection(SolutionConfigurationPlatforms) = preSolution
		Debug|x64 = Debug|x64
		Release|x64 = Release|x64
	EndGlobalSection
	GlobalSection(ProjectConfigurationPlatforms) = postSolution
		{ADFE8463-D772-424F-9FCA-6105BBDCF0A9}.Debug|x64.ActiveCfg = Debug|x64
		{ADFE8463-D772-424F-9FCA-6105BBDCF0A9}.Debug|x64.Build.0 = Debug|x64
		{ADFE8463-D772-424F-9FCA-6105BBDCF0A9}.Release|x64.ActiveCfg = Release|x64
		{ADFE8463-D772-424F-9FCA-6105BBDCF0A9}.Release|x64.Build.0 = Release|x64
		{DE79818E-24D8-452E-A1F3-42768FDA4F96}.Debug|x64.ActiveCfg = Debug|x64
		{DE79818E-24D8-452E-A1F3-42768FDA4F96}.Debug|x64.Build.0 = Debug|x64
		{DE79818E-24D8-452E-A1F3-42768FDA4F96}.Release|x64.ActiveCfg = Release|x64
		{DE79818E-24D8-452E-A1F3-42768FDA4F96}.Release|x64.Build.0 = Release|x64
	EndGlobalSection
	GlobalSection(SolutionProperties) = preSolution
		HideSolutionNode = FALSE
	EndGlobalSection
	GlobalSection(ExtensibilityGlobals) = postSolution
		SolutionGuid = {F2CA9877-D7F6-42F4-8E4C-F0D0688FDCB2}
	EndGlobalSection
EndGlobal
